// !$*UTF8*$!
{
	archiveVersion = 1;
	classes = {
	};
	objectVersion = 50;
	objects = {

/* Begin PBXBuildFile section */
		0211EF65260E77A100CAA05C /* DetailedListController.swift in Sources */ = {isa = PBXBuildFile; fileRef = 0211EF64260E77A100CAA05C /* DetailedListController.swift */; };
		0211EF6A260E7C3800CAA05C /* ListRequest.swift in Sources */ = {isa = PBXBuildFile; fileRef = 0211EF69260E7C3800CAA05C /* ListRequest.swift */; };
		0211EF6F260E7C7600CAA05C /* ListResponse.swift in Sources */ = {isa = PBXBuildFile; fileRef = 0211EF6E260E7C7500CAA05C /* ListResponse.swift */; };
		0211EF7C260E924A00CAA05C /* AllListResponse.swift in Sources */ = {isa = PBXBuildFile; fileRef = 0211EF7B260E924A00CAA05C /* AllListResponse.swift */; };
		0211EF81260E92B000CAA05C /* AllListRequest.swift in Sources */ = {isa = PBXBuildFile; fileRef = 0211EF80260E92B000CAA05C /* AllListRequest.swift */; };
		0211EF9626125C2300CAA05C /* ListViewCell.swift in Sources */ = {isa = PBXBuildFile; fileRef = 0211EF9426125C2300CAA05C /* ListViewCell.swift */; };
		0211EF9726125C2300CAA05C /* ListViewCell.xib in Resources */ = {isa = PBXBuildFile; fileRef = 0211EF9526125C2300CAA05C /* ListViewCell.xib */; };
		0211EF9C2612759F00CAA05C /* ListHeaderView.swift in Sources */ = {isa = PBXBuildFile; fileRef = 0211EF9B2612759F00CAA05C /* ListHeaderView.swift */; };
		0211EFB42612820500CAA05C /* ListHeaderView.xib in Resources */ = {isa = PBXBuildFile; fileRef = 0211EFB32612820500CAA05C /* ListHeaderView.xib */; };
		0211EFC12612878D00CAA05C /* LandingListCell.swift in Sources */ = {isa = PBXBuildFile; fileRef = 0211EFBF2612878D00CAA05C /* LandingListCell.swift */; };
		0211EFC22612878D00CAA05C /* LandingListCell.xib in Resources */ = {isa = PBXBuildFile; fileRef = 0211EFC02612878D00CAA05C /* LandingListCell.xib */; };
		0211EFE7261E5B9C00CAA05C /* OldListsCell.swift in Sources */ = {isa = PBXBuildFile; fileRef = 0211EFE5261E5B9C00CAA05C /* OldListsCell.swift */; };
		0211EFE8261E5B9C00CAA05C /* OldListsCell.xib in Resources */ = {isa = PBXBuildFile; fileRef = 0211EFE6261E5B9C00CAA05C /* OldListsCell.xib */; };
		0211EFF0261EA5E200CAA05C /* CreateFromOldListRequest.swift in Sources */ = {isa = PBXBuildFile; fileRef = 0211EFEF261EA5E200CAA05C /* CreateFromOldListRequest.swift */; };
		0211EFF5262377AA00CAA05C /* AddItemRequest.swift in Sources */ = {isa = PBXBuildFile; fileRef = 0211EFF4262377A900CAA05C /* AddItemRequest.swift */; };
		0211EFFA2623885300CAA05C /* DeleteStoreRequest.swift in Sources */ = {isa = PBXBuildFile; fileRef = 0211EFF92623885300CAA05C /* DeleteStoreRequest.swift */; };
		02A8F976262517880083FE19 /* RecipePageViewController.swift in Sources */ = {isa = PBXBuildFile; fileRef = 02A8F975262517880083FE19 /* RecipePageViewController.swift */; };
		02A8F982262519520083FE19 /* RecipeTableCell.swift in Sources */ = {isa = PBXBuildFile; fileRef = 02A8F980262519520083FE19 /* RecipeTableCell.swift */; };
		02A8F983262519520083FE19 /* RecipeTableCell.xib in Resources */ = {isa = PBXBuildFile; fileRef = 02A8F981262519520083FE19 /* RecipeTableCell.xib */; };
		02A8F98B26251B830083FE19 /* AllRecipeRequest.swift in Sources */ = {isa = PBXBuildFile; fileRef = 02A8F98A26251B830083FE19 /* AllRecipeRequest.swift */; };
		02A8F99026251D7D0083FE19 /* AllRecipeResponse.swift in Sources */ = {isa = PBXBuildFile; fileRef = 02A8F98F26251D7D0083FE19 /* AllRecipeResponse.swift */; };
		02A8F99F2625E9A00083FE19 /* DetailedRecipeController.swift in Sources */ = {isa = PBXBuildFile; fileRef = 02A8F99E2625E9A00083FE19 /* DetailedRecipeController.swift */; };
		02A8F9A52625EA3A0083FE19 /* RecipeViewCell.swift in Sources */ = {isa = PBXBuildFile; fileRef = 02A8F9A32625EA3A0083FE19 /* RecipeViewCell.swift */; };
		02A8F9A62625EA3A0083FE19 /* RecipeViewCell.xib in Resources */ = {isa = PBXBuildFile; fileRef = 02A8F9A42625EA3A0083FE19 /* RecipeViewCell.xib */; };
		02A8F9AB2625EB560083FE19 /* RecipeHeaderView.swift in Sources */ = {isa = PBXBuildFile; fileRef = 02A8F9AA2625EB560083FE19 /* RecipeHeaderView.swift */; };
		02A8F9B02625EBA80083FE19 /* RecipeHeaderView.xib in Resources */ = {isa = PBXBuildFile; fileRef = 02A8F9AF2625EBA80083FE19 /* RecipeHeaderView.xib */; };
		02A8F9B52625EC6F0083FE19 /* RecipeRequest.swift in Sources */ = {isa = PBXBuildFile; fileRef = 02A8F9B42625EC6F0083FE19 /* RecipeRequest.swift */; };
		02A8F9BA2625ECC30083FE19 /* RecipeResponse.swift in Sources */ = {isa = PBXBuildFile; fileRef = 02A8F9B92625ECC30083FE19 /* RecipeResponse.swift */; };
		2E213DF9262678F000E8B23C /* AddRecipeRequest.swift in Sources */ = {isa = PBXBuildFile; fileRef = 2E213DF8262678F000E8B23C /* AddRecipeRequest.swift */; };
		2E213E0126267CCE00E8B23C /* DeleteRecipeRequest.swift in Sources */ = {isa = PBXBuildFile; fileRef = 2E213E0026267CCE00E8B23C /* DeleteRecipeRequest.swift */; };
		2E213E062626810500E8B23C /* UpdateRecipeTitle.swift in Sources */ = {isa = PBXBuildFile; fileRef = 2E213E052626810500E8B23C /* UpdateRecipeTitle.swift */; };
		2E3475F82613E7E500BA27D9 /* AddListRequest.swift in Sources */ = {isa = PBXBuildFile; fileRef = 2E3475F72613E7E500BA27D9 /* AddListRequest.swift */; };
		2E3475FD2613E91D00BA27D9 /* AddListResponse.swift in Sources */ = {isa = PBXBuildFile; fileRef = 2E3475FC2613E91D00BA27D9 /* AddListResponse.swift */; };
		2E3476022615001500BA27D9 /* DeleteListRequest.swift in Sources */ = {isa = PBXBuildFile; fileRef = 2E3476012615001500BA27D9 /* DeleteListRequest.swift */; };
		2E3476072615004900BA27D9 /* BooleanResponse.swift in Sources */ = {isa = PBXBuildFile; fileRef = 2E3476062615004900BA27D9 /* BooleanResponse.swift */; };
		2E34760C26152F6200BA27D9 /* UpdateListRequest.swift in Sources */ = {isa = PBXBuildFile; fileRef = 2E34760B26152F6200BA27D9 /* UpdateListRequest.swift */; };
		2E492D3A2623A775001BC07B /* UpdateStoreNameRequest.swift in Sources */ = {isa = PBXBuildFile; fileRef = 2E492D392623A775001BC07B /* UpdateStoreNameRequest.swift */; };
		2E492D3F2623BB67001BC07B /* UpdateItemQuantityRequest.swift in Sources */ = {isa = PBXBuildFile; fileRef = 2E492D3E2623BB67001BC07B /* UpdateItemQuantityRequest.swift */; };
		2E492D4426248E9F001BC07B /* UpdatePurchasedRequest.swift in Sources */ = {isa = PBXBuildFile; fileRef = 2E492D4326248E9F001BC07B /* UpdatePurchasedRequest.swift */; };
		2E87AFBA25FFF4B800D3A575 /* AppDelegate.swift in Sources */ = {isa = PBXBuildFile; fileRef = 2E87AFB925FFF4B800D3A575 /* AppDelegate.swift */; };
		2E87AFBC25FFF4B800D3A575 /* SceneDelegate.swift in Sources */ = {isa = PBXBuildFile; fileRef = 2E87AFBB25FFF4B800D3A575 /* SceneDelegate.swift */; };
		2E87AFBE25FFF4B800D3A575 /* LandingPageViewController.swift in Sources */ = {isa = PBXBuildFile; fileRef = 2E87AFBD25FFF4B800D3A575 /* LandingPageViewController.swift */; };
		2E87AFC125FFF4B800D3A575 /* Main.storyboard in Resources */ = {isa = PBXBuildFile; fileRef = 2E87AFBF25FFF4B800D3A575 /* Main.storyboard */; };
		2E87AFC325FFF4B900D3A575 /* Assets.xcassets in Resources */ = {isa = PBXBuildFile; fileRef = 2E87AFC225FFF4B900D3A575 /* Assets.xcassets */; };
		2E87AFC625FFF4B900D3A575 /* LaunchScreen.storyboard in Resources */ = {isa = PBXBuildFile; fileRef = 2E87AFC425FFF4B900D3A575 /* LaunchScreen.storyboard */; };
		2E87AFD125FFF4B900D3A575 /* GroceryGuruTests.swift in Sources */ = {isa = PBXBuildFile; fileRef = 2E87AFD025FFF4B900D3A575 /* GroceryGuruTests.swift */; };
		2E87AFDC25FFF4B900D3A575 /* GroceryGuruUITests.swift in Sources */ = {isa = PBXBuildFile; fileRef = 2E87AFDB25FFF4B900D3A575 /* GroceryGuruUITests.swift */; };
		2E87AFEF25FFF59200D3A575 /* AddListViewController.swift in Sources */ = {isa = PBXBuildFile; fileRef = 2E87AFEE25FFF59200D3A575 /* AddListViewController.swift */; };
		2E9ABE50260A91040047DED3 /* OpenSans-SemiBold.ttf in Resources */ = {isa = PBXBuildFile; fileRef = 2E9ABE45260A91040047DED3 /* OpenSans-SemiBold.ttf */; };
		2E9ABE51260A91040047DED3 /* OpenSans-Light.ttf in Resources */ = {isa = PBXBuildFile; fileRef = 2E9ABE46260A91040047DED3 /* OpenSans-Light.ttf */; };
		2E9ABE52260A91040047DED3 /* OpenSans-Italic.ttf in Resources */ = {isa = PBXBuildFile; fileRef = 2E9ABE47260A91040047DED3 /* OpenSans-Italic.ttf */; };
		2E9ABE53260A91040047DED3 /* OpenSans-ExtraBold.ttf in Resources */ = {isa = PBXBuildFile; fileRef = 2E9ABE48260A91040047DED3 /* OpenSans-ExtraBold.ttf */; };
		2E9ABE54260A91040047DED3 /* OpenSans-LightItalic.ttf in Resources */ = {isa = PBXBuildFile; fileRef = 2E9ABE49260A91040047DED3 /* OpenSans-LightItalic.ttf */; };
		2E9ABE55260A91040047DED3 /* OpenSans-Bold.ttf in Resources */ = {isa = PBXBuildFile; fileRef = 2E9ABE4A260A91040047DED3 /* OpenSans-Bold.ttf */; };
		2E9ABE56260A91040047DED3 /* OpenSans-SemiBoldItalic.ttf in Resources */ = {isa = PBXBuildFile; fileRef = 2E9ABE4B260A91040047DED3 /* OpenSans-SemiBoldItalic.ttf */; };
		2E9ABE57260A91040047DED3 /* OpenSans-ExtraBoldItalic.ttf in Resources */ = {isa = PBXBuildFile; fileRef = 2E9ABE4C260A91040047DED3 /* OpenSans-ExtraBoldItalic.ttf */; };
		2E9ABE58260A91040047DED3 /* LICENSE.txt in Resources */ = {isa = PBXBuildFile; fileRef = 2E9ABE4D260A91040047DED3 /* LICENSE.txt */; };
		2E9ABE59260A91040047DED3 /* OpenSans-Regular.ttf in Resources */ = {isa = PBXBuildFile; fileRef = 2E9ABE4E260A91040047DED3 /* OpenSans-Regular.ttf */; };
		2E9ABE5A260A91040047DED3 /* OpenSans-BoldItalic.ttf in Resources */ = {isa = PBXBuildFile; fileRef = 2E9ABE4F260A91040047DED3 /* OpenSans-BoldItalic.ttf */; };
		2E9ABE6D260A91390047DED3 /* Roboto-Medium.ttf in Resources */ = {isa = PBXBuildFile; fileRef = 2E9ABE60260A91390047DED3 /* Roboto-Medium.ttf */; };
		2E9ABE6E260A91390047DED3 /* Roboto-Light.ttf in Resources */ = {isa = PBXBuildFile; fileRef = 2E9ABE61260A91390047DED3 /* Roboto-Light.ttf */; };
		2E9ABE6F260A91390047DED3 /* Roboto-Regular.ttf in Resources */ = {isa = PBXBuildFile; fileRef = 2E9ABE62260A91390047DED3 /* Roboto-Regular.ttf */; };
		2E9ABE70260A91390047DED3 /* Roboto-MediumItalic.ttf in Resources */ = {isa = PBXBuildFile; fileRef = 2E9ABE63260A91390047DED3 /* Roboto-MediumItalic.ttf */; };
		2E9ABE71260A91390047DED3 /* Roboto-ThinItalic.ttf in Resources */ = {isa = PBXBuildFile; fileRef = 2E9ABE64260A91390047DED3 /* Roboto-ThinItalic.ttf */; };
		2E9ABE72260A91390047DED3 /* Roboto-BoldItalic.ttf in Resources */ = {isa = PBXBuildFile; fileRef = 2E9ABE65260A91390047DED3 /* Roboto-BoldItalic.ttf */; };
		2E9ABE73260A91390047DED3 /* Roboto-LightItalic.ttf in Resources */ = {isa = PBXBuildFile; fileRef = 2E9ABE66260A91390047DED3 /* Roboto-LightItalic.ttf */; };
		2E9ABE74260A91390047DED3 /* Roboto-Italic.ttf in Resources */ = {isa = PBXBuildFile; fileRef = 2E9ABE67260A91390047DED3 /* Roboto-Italic.ttf */; };
		2E9ABE76260A91390047DED3 /* Roboto-BlackItalic.ttf in Resources */ = {isa = PBXBuildFile; fileRef = 2E9ABE69260A91390047DED3 /* Roboto-BlackItalic.ttf */; };
		2E9ABE77260A91390047DED3 /* Roboto-Bold.ttf in Resources */ = {isa = PBXBuildFile; fileRef = 2E9ABE6A260A91390047DED3 /* Roboto-Bold.ttf */; };
		2E9ABE78260A91390047DED3 /* Roboto-Thin.ttf in Resources */ = {isa = PBXBuildFile; fileRef = 2E9ABE6B260A91390047DED3 /* Roboto-Thin.ttf */; };
		2E9ABE79260A91390047DED3 /* Roboto-Black.ttf in Resources */ = {isa = PBXBuildFile; fileRef = 2E9ABE6C260A91390047DED3 /* Roboto-Black.ttf */; };
		2E9ABE81260AAAFF0047DED3 /* Designable.swift in Sources */ = {isa = PBXBuildFile; fileRef = 2E9ABE80260AAAFF0047DED3 /* Designable.swift */; };
		2E9ABE86260AAEF60047DED3 /* LoginResponse.swift in Sources */ = {isa = PBXBuildFile; fileRef = 2E9ABE85260AAEF60047DED3 /* LoginResponse.swift */; };
		2E9ABE8B260AAF560047DED3 /* LoginRequest.swift in Sources */ = {isa = PBXBuildFile; fileRef = 2E9ABE8A260AAF560047DED3 /* LoginRequest.swift */; };
		2E9ABE96260BC09F0047DED3 /* SignUpViewController.swift in Sources */ = {isa = PBXBuildFile; fileRef = 2E9ABE95260BC09F0047DED3 /* SignUpViewController.swift */; };
		2E9ABE9B260BCEDA0047DED3 /* LoginViewController.swift in Sources */ = {isa = PBXBuildFile; fileRef = 2E9ABE9A260BCEDA0047DED3 /* LoginViewController.swift */; };
		2E9ABEA8260BCEFC0047DED3 /* ResetPasswordViewController.swift in Sources */ = {isa = PBXBuildFile; fileRef = 2E9ABEA7260BCEFC0047DED3 /* ResetPasswordViewController.swift */; };
		2E9ABEC5260BF8990047DED3 /* NewUserResponse.swift in Sources */ = {isa = PBXBuildFile; fileRef = 2E9ABEC4260BF8990047DED3 /* NewUserResponse.swift */; };
		2E9ABECD260BF8CC0047DED3 /* NewUserRequest.swift in Sources */ = {isa = PBXBuildFile; fileRef = 2E9ABECC260BF8CC0047DED3 /* NewUserRequest.swift */; };
		2E9ABED2260C03CD0047DED3 /* ResetPasswordRequest.swift in Sources */ = {isa = PBXBuildFile; fileRef = 2E9ABED1260C03CD0047DED3 /* ResetPasswordRequest.swift */; };
		2E9C6596261CCA1000107A9B /* DeleteItemRequest.swift in Sources */ = {isa = PBXBuildFile; fileRef = 2E9C6595261CCA1000107A9B /* DeleteItemRequest.swift */; };
		2E9C659E261CEBCE00107A9B /* UpdateItemDescriptionRequest.swift in Sources */ = {isa = PBXBuildFile; fileRef = 2E9C659D261CEBCE00107A9B /* UpdateItemDescriptionRequest.swift */; };
		2E9C65A3261D254900107A9B /* AddStoreRequest.swift in Sources */ = {isa = PBXBuildFile; fileRef = 2E9C65A2261D254900107A9B /* AddStoreRequest.swift */; };
		2EEF49462627488E0001B10E /* AddRecipeStoreRequest.swift in Sources */ = {isa = PBXBuildFile; fileRef = 2EEF49452627488E0001B10E /* AddRecipeStoreRequest.swift */; };
		2EEF494B262752180001B10E /* AddRecipeItemRequest.swift in Sources */ = {isa = PBXBuildFile; fileRef = 2EEF494A262752180001B10E /* AddRecipeItemRequest.swift */; };
		2EEF4950262752DF0001B10E /* DeleteRecipeStoreRequest.swift in Sources */ = {isa = PBXBuildFile; fileRef = 2EEF494F262752DF0001B10E /* DeleteRecipeStoreRequest.swift */; };
/* End PBXBuildFile section */

/* Begin PBXContainerItemProxy section */
		2E87AFCD25FFF4B900D3A575 /* PBXContainerItemProxy */ = {
			isa = PBXContainerItemProxy;
			containerPortal = 2E87AFAE25FFF4B800D3A575 /* Project object */;
			proxyType = 1;
			remoteGlobalIDString = 2E87AFB525FFF4B800D3A575;
			remoteInfo = GroceryGuru;
		};
		2E87AFD825FFF4B900D3A575 /* PBXContainerItemProxy */ = {
			isa = PBXContainerItemProxy;
			containerPortal = 2E87AFAE25FFF4B800D3A575 /* Project object */;
			proxyType = 1;
			remoteGlobalIDString = 2E87AFB525FFF4B800D3A575;
			remoteInfo = GroceryGuru;
		};
/* End PBXContainerItemProxy section */

/* Begin PBXFileReference section */
		0211EF64260E77A100CAA05C /* DetailedListController.swift */ = {isa = PBXFileReference; lastKnownFileType = sourcecode.swift; path = DetailedListController.swift; sourceTree = "<group>"; };
		0211EF69260E7C3800CAA05C /* ListRequest.swift */ = {isa = PBXFileReference; lastKnownFileType = sourcecode.swift; path = ListRequest.swift; sourceTree = "<group>"; };
		0211EF6E260E7C7500CAA05C /* ListResponse.swift */ = {isa = PBXFileReference; lastKnownFileType = sourcecode.swift; path = ListResponse.swift; sourceTree = "<group>"; };
		0211EF7B260E924A00CAA05C /* AllListResponse.swift */ = {isa = PBXFileReference; lastKnownFileType = sourcecode.swift; path = AllListResponse.swift; sourceTree = "<group>"; };
		0211EF80260E92B000CAA05C /* AllListRequest.swift */ = {isa = PBXFileReference; lastKnownFileType = sourcecode.swift; path = AllListRequest.swift; sourceTree = "<group>"; };
		0211EF9426125C2300CAA05C /* ListViewCell.swift */ = {isa = PBXFileReference; lastKnownFileType = sourcecode.swift; path = ListViewCell.swift; sourceTree = "<group>"; };
		0211EF9526125C2300CAA05C /* ListViewCell.xib */ = {isa = PBXFileReference; lastKnownFileType = file.xib; path = ListViewCell.xib; sourceTree = "<group>"; };
		0211EF9B2612759F00CAA05C /* ListHeaderView.swift */ = {isa = PBXFileReference; lastKnownFileType = sourcecode.swift; path = ListHeaderView.swift; sourceTree = "<group>"; };
		0211EFB32612820500CAA05C /* ListHeaderView.xib */ = {isa = PBXFileReference; lastKnownFileType = file.xib; path = ListHeaderView.xib; sourceTree = "<group>"; };
		0211EFBF2612878D00CAA05C /* LandingListCell.swift */ = {isa = PBXFileReference; lastKnownFileType = sourcecode.swift; path = LandingListCell.swift; sourceTree = "<group>"; };
		0211EFC02612878D00CAA05C /* LandingListCell.xib */ = {isa = PBXFileReference; lastKnownFileType = file.xib; path = LandingListCell.xib; sourceTree = "<group>"; };
		0211EFE5261E5B9C00CAA05C /* OldListsCell.swift */ = {isa = PBXFileReference; lastKnownFileType = sourcecode.swift; path = OldListsCell.swift; sourceTree = "<group>"; };
		0211EFE6261E5B9C00CAA05C /* OldListsCell.xib */ = {isa = PBXFileReference; lastKnownFileType = file.xib; path = OldListsCell.xib; sourceTree = "<group>"; };
		0211EFEF261EA5E200CAA05C /* CreateFromOldListRequest.swift */ = {isa = PBXFileReference; lastKnownFileType = sourcecode.swift; path = CreateFromOldListRequest.swift; sourceTree = "<group>"; };
		0211EFF4262377A900CAA05C /* AddItemRequest.swift */ = {isa = PBXFileReference; lastKnownFileType = sourcecode.swift; path = AddItemRequest.swift; sourceTree = "<group>"; };
		0211EFF92623885300CAA05C /* DeleteStoreRequest.swift */ = {isa = PBXFileReference; lastKnownFileType = sourcecode.swift; path = DeleteStoreRequest.swift; sourceTree = "<group>"; };
		02A8F975262517880083FE19 /* RecipePageViewController.swift */ = {isa = PBXFileReference; lastKnownFileType = sourcecode.swift; path = RecipePageViewController.swift; sourceTree = "<group>"; };
		02A8F980262519520083FE19 /* RecipeTableCell.swift */ = {isa = PBXFileReference; lastKnownFileType = sourcecode.swift; path = RecipeTableCell.swift; sourceTree = "<group>"; };
		02A8F981262519520083FE19 /* RecipeTableCell.xib */ = {isa = PBXFileReference; lastKnownFileType = file.xib; path = RecipeTableCell.xib; sourceTree = "<group>"; };
		02A8F98A26251B830083FE19 /* AllRecipeRequest.swift */ = {isa = PBXFileReference; lastKnownFileType = sourcecode.swift; path = AllRecipeRequest.swift; sourceTree = "<group>"; };
		02A8F98F26251D7D0083FE19 /* AllRecipeResponse.swift */ = {isa = PBXFileReference; lastKnownFileType = sourcecode.swift; path = AllRecipeResponse.swift; sourceTree = "<group>"; };
		02A8F99E2625E9A00083FE19 /* DetailedRecipeController.swift */ = {isa = PBXFileReference; lastKnownFileType = sourcecode.swift; path = DetailedRecipeController.swift; sourceTree = "<group>"; };
		02A8F9A32625EA3A0083FE19 /* RecipeViewCell.swift */ = {isa = PBXFileReference; lastKnownFileType = sourcecode.swift; path = RecipeViewCell.swift; sourceTree = "<group>"; };
		02A8F9A42625EA3A0083FE19 /* RecipeViewCell.xib */ = {isa = PBXFileReference; lastKnownFileType = file.xib; path = RecipeViewCell.xib; sourceTree = "<group>"; };
		02A8F9AA2625EB560083FE19 /* RecipeHeaderView.swift */ = {isa = PBXFileReference; lastKnownFileType = sourcecode.swift; path = RecipeHeaderView.swift; sourceTree = "<group>"; };
		02A8F9AF2625EBA80083FE19 /* RecipeHeaderView.xib */ = {isa = PBXFileReference; lastKnownFileType = file.xib; path = RecipeHeaderView.xib; sourceTree = "<group>"; };
		02A8F9B42625EC6F0083FE19 /* RecipeRequest.swift */ = {isa = PBXFileReference; lastKnownFileType = sourcecode.swift; path = RecipeRequest.swift; sourceTree = "<group>"; };
		02A8F9B92625ECC30083FE19 /* RecipeResponse.swift */ = {isa = PBXFileReference; lastKnownFileType = sourcecode.swift; path = RecipeResponse.swift; sourceTree = "<group>"; };
		2E213DF8262678F000E8B23C /* AddRecipeRequest.swift */ = {isa = PBXFileReference; fileEncoding = 4; lastKnownFileType = sourcecode.swift; path = AddRecipeRequest.swift; sourceTree = "<group>"; };
		2E213E0026267CCE00E8B23C /* DeleteRecipeRequest.swift */ = {isa = PBXFileReference; fileEncoding = 4; lastKnownFileType = sourcecode.swift; path = DeleteRecipeRequest.swift; sourceTree = "<group>"; };
		2E213E052626810500E8B23C /* UpdateRecipeTitle.swift */ = {isa = PBXFileReference; fileEncoding = 4; lastKnownFileType = sourcecode.swift; path = UpdateRecipeTitle.swift; sourceTree = "<group>"; };
		2E3475F72613E7E500BA27D9 /* AddListRequest.swift */ = {isa = PBXFileReference; lastKnownFileType = sourcecode.swift; path = AddListRequest.swift; sourceTree = "<group>"; };
		2E3475FC2613E91D00BA27D9 /* AddListResponse.swift */ = {isa = PBXFileReference; lastKnownFileType = sourcecode.swift; path = AddListResponse.swift; sourceTree = "<group>"; };
		2E3476012615001500BA27D9 /* DeleteListRequest.swift */ = {isa = PBXFileReference; lastKnownFileType = sourcecode.swift; path = DeleteListRequest.swift; sourceTree = "<group>"; };
		2E3476062615004900BA27D9 /* BooleanResponse.swift */ = {isa = PBXFileReference; lastKnownFileType = sourcecode.swift; path = BooleanResponse.swift; sourceTree = "<group>"; };
		2E34760B26152F6200BA27D9 /* UpdateListRequest.swift */ = {isa = PBXFileReference; lastKnownFileType = sourcecode.swift; path = UpdateListRequest.swift; sourceTree = "<group>"; };
		2E492D392623A775001BC07B /* UpdateStoreNameRequest.swift */ = {isa = PBXFileReference; fileEncoding = 4; lastKnownFileType = sourcecode.swift; path = UpdateStoreNameRequest.swift; sourceTree = "<group>"; };
		2E492D3E2623BB67001BC07B /* UpdateItemQuantityRequest.swift */ = {isa = PBXFileReference; fileEncoding = 4; lastKnownFileType = sourcecode.swift; path = UpdateItemQuantityRequest.swift; sourceTree = "<group>"; };
		2E492D4326248E9F001BC07B /* UpdatePurchasedRequest.swift */ = {isa = PBXFileReference; fileEncoding = 4; lastKnownFileType = sourcecode.swift; path = UpdatePurchasedRequest.swift; sourceTree = "<group>"; };
		2E87AFB625FFF4B800D3A575 /* GroceryGuru.app */ = {isa = PBXFileReference; explicitFileType = wrapper.application; includeInIndex = 0; path = GroceryGuru.app; sourceTree = BUILT_PRODUCTS_DIR; };
		2E87AFB925FFF4B800D3A575 /* AppDelegate.swift */ = {isa = PBXFileReference; lastKnownFileType = sourcecode.swift; path = AppDelegate.swift; sourceTree = "<group>"; };
		2E87AFBB25FFF4B800D3A575 /* SceneDelegate.swift */ = {isa = PBXFileReference; lastKnownFileType = sourcecode.swift; path = SceneDelegate.swift; sourceTree = "<group>"; };
		2E87AFBD25FFF4B800D3A575 /* LandingPageViewController.swift */ = {isa = PBXFileReference; lastKnownFileType = sourcecode.swift; path = LandingPageViewController.swift; sourceTree = "<group>"; };
		2E87AFC025FFF4B800D3A575 /* Base */ = {isa = PBXFileReference; lastKnownFileType = file.storyboard; name = Base; path = Base.lproj/Main.storyboard; sourceTree = "<group>"; };
		2E87AFC225FFF4B900D3A575 /* Assets.xcassets */ = {isa = PBXFileReference; lastKnownFileType = folder.assetcatalog; path = Assets.xcassets; sourceTree = "<group>"; };
		2E87AFC525FFF4B900D3A575 /* Base */ = {isa = PBXFileReference; lastKnownFileType = file.storyboard; name = Base; path = Base.lproj/LaunchScreen.storyboard; sourceTree = "<group>"; };
		2E87AFC725FFF4B900D3A575 /* Info.plist */ = {isa = PBXFileReference; lastKnownFileType = text.plist.xml; path = Info.plist; sourceTree = "<group>"; };
		2E87AFCC25FFF4B900D3A575 /* GroceryGuruTests.xctest */ = {isa = PBXFileReference; explicitFileType = wrapper.cfbundle; includeInIndex = 0; path = GroceryGuruTests.xctest; sourceTree = BUILT_PRODUCTS_DIR; };
		2E87AFD025FFF4B900D3A575 /* GroceryGuruTests.swift */ = {isa = PBXFileReference; lastKnownFileType = sourcecode.swift; path = GroceryGuruTests.swift; sourceTree = "<group>"; };
		2E87AFD225FFF4B900D3A575 /* Info.plist */ = {isa = PBXFileReference; lastKnownFileType = text.plist.xml; path = Info.plist; sourceTree = "<group>"; };
		2E87AFD725FFF4B900D3A575 /* GroceryGuruUITests.xctest */ = {isa = PBXFileReference; explicitFileType = wrapper.cfbundle; includeInIndex = 0; path = GroceryGuruUITests.xctest; sourceTree = BUILT_PRODUCTS_DIR; };
		2E87AFDB25FFF4B900D3A575 /* GroceryGuruUITests.swift */ = {isa = PBXFileReference; lastKnownFileType = sourcecode.swift; path = GroceryGuruUITests.swift; sourceTree = "<group>"; };
		2E87AFDD25FFF4B900D3A575 /* Info.plist */ = {isa = PBXFileReference; lastKnownFileType = text.plist.xml; path = Info.plist; sourceTree = "<group>"; };
		2E87AFEE25FFF59200D3A575 /* AddListViewController.swift */ = {isa = PBXFileReference; lastKnownFileType = sourcecode.swift; path = AddListViewController.swift; sourceTree = "<group>"; };
		2E9ABE45260A91040047DED3 /* OpenSans-SemiBold.ttf */ = {isa = PBXFileReference; lastKnownFileType = file; path = "OpenSans-SemiBold.ttf"; sourceTree = "<group>"; };
		2E9ABE46260A91040047DED3 /* OpenSans-Light.ttf */ = {isa = PBXFileReference; lastKnownFileType = file; path = "OpenSans-Light.ttf"; sourceTree = "<group>"; };
		2E9ABE47260A91040047DED3 /* OpenSans-Italic.ttf */ = {isa = PBXFileReference; lastKnownFileType = file; path = "OpenSans-Italic.ttf"; sourceTree = "<group>"; };
		2E9ABE48260A91040047DED3 /* OpenSans-ExtraBold.ttf */ = {isa = PBXFileReference; lastKnownFileType = file; path = "OpenSans-ExtraBold.ttf"; sourceTree = "<group>"; };
		2E9ABE49260A91040047DED3 /* OpenSans-LightItalic.ttf */ = {isa = PBXFileReference; lastKnownFileType = file; path = "OpenSans-LightItalic.ttf"; sourceTree = "<group>"; };
		2E9ABE4A260A91040047DED3 /* OpenSans-Bold.ttf */ = {isa = PBXFileReference; lastKnownFileType = file; path = "OpenSans-Bold.ttf"; sourceTree = "<group>"; };
		2E9ABE4B260A91040047DED3 /* OpenSans-SemiBoldItalic.ttf */ = {isa = PBXFileReference; lastKnownFileType = file; path = "OpenSans-SemiBoldItalic.ttf"; sourceTree = "<group>"; };
		2E9ABE4C260A91040047DED3 /* OpenSans-ExtraBoldItalic.ttf */ = {isa = PBXFileReference; lastKnownFileType = file; path = "OpenSans-ExtraBoldItalic.ttf"; sourceTree = "<group>"; };
		2E9ABE4D260A91040047DED3 /* LICENSE.txt */ = {isa = PBXFileReference; fileEncoding = 4; lastKnownFileType = text; path = LICENSE.txt; sourceTree = "<group>"; };
		2E9ABE4E260A91040047DED3 /* OpenSans-Regular.ttf */ = {isa = PBXFileReference; lastKnownFileType = file; path = "OpenSans-Regular.ttf"; sourceTree = "<group>"; };
		2E9ABE4F260A91040047DED3 /* OpenSans-BoldItalic.ttf */ = {isa = PBXFileReference; lastKnownFileType = file; path = "OpenSans-BoldItalic.ttf"; sourceTree = "<group>"; };
		2E9ABE60260A91390047DED3 /* Roboto-Medium.ttf */ = {isa = PBXFileReference; lastKnownFileType = file; path = "Roboto-Medium.ttf"; sourceTree = "<group>"; };
		2E9ABE61260A91390047DED3 /* Roboto-Light.ttf */ = {isa = PBXFileReference; lastKnownFileType = file; path = "Roboto-Light.ttf"; sourceTree = "<group>"; };
		2E9ABE62260A91390047DED3 /* Roboto-Regular.ttf */ = {isa = PBXFileReference; lastKnownFileType = file; path = "Roboto-Regular.ttf"; sourceTree = "<group>"; };
		2E9ABE63260A91390047DED3 /* Roboto-MediumItalic.ttf */ = {isa = PBXFileReference; lastKnownFileType = file; path = "Roboto-MediumItalic.ttf"; sourceTree = "<group>"; };
		2E9ABE64260A91390047DED3 /* Roboto-ThinItalic.ttf */ = {isa = PBXFileReference; lastKnownFileType = file; path = "Roboto-ThinItalic.ttf"; sourceTree = "<group>"; };
		2E9ABE65260A91390047DED3 /* Roboto-BoldItalic.ttf */ = {isa = PBXFileReference; lastKnownFileType = file; path = "Roboto-BoldItalic.ttf"; sourceTree = "<group>"; };
		2E9ABE66260A91390047DED3 /* Roboto-LightItalic.ttf */ = {isa = PBXFileReference; lastKnownFileType = file; path = "Roboto-LightItalic.ttf"; sourceTree = "<group>"; };
		2E9ABE67260A91390047DED3 /* Roboto-Italic.ttf */ = {isa = PBXFileReference; lastKnownFileType = file; path = "Roboto-Italic.ttf"; sourceTree = "<group>"; };
		2E9ABE69260A91390047DED3 /* Roboto-BlackItalic.ttf */ = {isa = PBXFileReference; lastKnownFileType = file; path = "Roboto-BlackItalic.ttf"; sourceTree = "<group>"; };
		2E9ABE6A260A91390047DED3 /* Roboto-Bold.ttf */ = {isa = PBXFileReference; lastKnownFileType = file; path = "Roboto-Bold.ttf"; sourceTree = "<group>"; };
		2E9ABE6B260A91390047DED3 /* Roboto-Thin.ttf */ = {isa = PBXFileReference; lastKnownFileType = file; path = "Roboto-Thin.ttf"; sourceTree = "<group>"; };
		2E9ABE6C260A91390047DED3 /* Roboto-Black.ttf */ = {isa = PBXFileReference; lastKnownFileType = file; path = "Roboto-Black.ttf"; sourceTree = "<group>"; };
		2E9ABE80260AAAFF0047DED3 /* Designable.swift */ = {isa = PBXFileReference; lastKnownFileType = sourcecode.swift; path = Designable.swift; sourceTree = "<group>"; };
		2E9ABE85260AAEF60047DED3 /* LoginResponse.swift */ = {isa = PBXFileReference; lastKnownFileType = sourcecode.swift; path = LoginResponse.swift; sourceTree = "<group>"; };
		2E9ABE8A260AAF560047DED3 /* LoginRequest.swift */ = {isa = PBXFileReference; lastKnownFileType = sourcecode.swift; path = LoginRequest.swift; sourceTree = "<group>"; };
		2E9ABE95260BC09F0047DED3 /* SignUpViewController.swift */ = {isa = PBXFileReference; fileEncoding = 4; lastKnownFileType = sourcecode.swift; path = SignUpViewController.swift; sourceTree = "<group>"; };
		2E9ABE9A260BCEDA0047DED3 /* LoginViewController.swift */ = {isa = PBXFileReference; fileEncoding = 4; lastKnownFileType = sourcecode.swift; path = LoginViewController.swift; sourceTree = "<group>"; };
		2E9ABEA7260BCEFC0047DED3 /* ResetPasswordViewController.swift */ = {isa = PBXFileReference; fileEncoding = 4; lastKnownFileType = sourcecode.swift; path = ResetPasswordViewController.swift; sourceTree = "<group>"; };
		2E9ABEC4260BF8990047DED3 /* NewUserResponse.swift */ = {isa = PBXFileReference; fileEncoding = 4; lastKnownFileType = sourcecode.swift; path = NewUserResponse.swift; sourceTree = "<group>"; };
		2E9ABECC260BF8CC0047DED3 /* NewUserRequest.swift */ = {isa = PBXFileReference; fileEncoding = 4; lastKnownFileType = sourcecode.swift; path = NewUserRequest.swift; sourceTree = "<group>"; };
		2E9ABED1260C03CD0047DED3 /* ResetPasswordRequest.swift */ = {isa = PBXFileReference; fileEncoding = 4; lastKnownFileType = sourcecode.swift; path = ResetPasswordRequest.swift; sourceTree = "<group>"; };
		2E9C6595261CCA1000107A9B /* DeleteItemRequest.swift */ = {isa = PBXFileReference; fileEncoding = 4; lastKnownFileType = sourcecode.swift; path = DeleteItemRequest.swift; sourceTree = "<group>"; };
		2E9C659D261CEBCE00107A9B /* UpdateItemDescriptionRequest.swift */ = {isa = PBXFileReference; fileEncoding = 4; lastKnownFileType = sourcecode.swift; path = UpdateItemDescriptionRequest.swift; sourceTree = "<group>"; };
		2E9C65A2261D254900107A9B /* AddStoreRequest.swift */ = {isa = PBXFileReference; fileEncoding = 4; lastKnownFileType = sourcecode.swift; path = AddStoreRequest.swift; sourceTree = "<group>"; };
		2EEF49452627488E0001B10E /* AddRecipeStoreRequest.swift */ = {isa = PBXFileReference; fileEncoding = 4; lastKnownFileType = sourcecode.swift; path = AddRecipeStoreRequest.swift; sourceTree = "<group>"; };
		2EEF494A262752180001B10E /* AddRecipeItemRequest.swift */ = {isa = PBXFileReference; fileEncoding = 4; lastKnownFileType = sourcecode.swift; path = AddRecipeItemRequest.swift; sourceTree = "<group>"; };
		2EEF494F262752DF0001B10E /* DeleteRecipeStoreRequest.swift */ = {isa = PBXFileReference; fileEncoding = 4; lastKnownFileType = sourcecode.swift; path = DeleteRecipeStoreRequest.swift; sourceTree = "<group>"; };
/* End PBXFileReference section */

/* Begin PBXFrameworksBuildPhase section */
		2E87AFB325FFF4B800D3A575 /* Frameworks */ = {
			isa = PBXFrameworksBuildPhase;
			buildActionMask = 2147483647;
			files = (
			);
			runOnlyForDeploymentPostprocessing = 0;
		};
		2E87AFC925FFF4B900D3A575 /* Frameworks */ = {
			isa = PBXFrameworksBuildPhase;
			buildActionMask = 2147483647;
			files = (
			);
			runOnlyForDeploymentPostprocessing = 0;
		};
		2E87AFD425FFF4B900D3A575 /* Frameworks */ = {
			isa = PBXFrameworksBuildPhase;
			buildActionMask = 2147483647;
			files = (
			);
			runOnlyForDeploymentPostprocessing = 0;
		};
/* End PBXFrameworksBuildPhase section */

/* Begin PBXGroup section */
		0211EF862612580600CAA05C /* DetailedList */ = {
			isa = PBXGroup;
			children = (
				0211EF64260E77A100CAA05C /* DetailedListController.swift */,
				0211EF9426125C2300CAA05C /* ListViewCell.swift */,
				0211EF9526125C2300CAA05C /* ListViewCell.xib */,
				0211EF9B2612759F00CAA05C /* ListHeaderView.swift */,
				0211EFB32612820500CAA05C /* ListHeaderView.xib */,
			);
			path = DetailedList;
			sourceTree = "<group>";
		};
		0211EFBB2612864800CAA05C /* LandingPage */ = {
			isa = PBXGroup;
			children = (
				2E87AFBD25FFF4B800D3A575 /* LandingPageViewController.swift */,
				0211EFBF2612878D00CAA05C /* LandingListCell.swift */,
				0211EFC02612878D00CAA05C /* LandingListCell.xib */,
			);
			path = LandingPage;
			sourceTree = "<group>";
		};
		0211EFE1261E594900CAA05C /* AddNewList */ = {
			isa = PBXGroup;
			children = (
				2E87AFEE25FFF59200D3A575 /* AddListViewController.swift */,
				0211EFE5261E5B9C00CAA05C /* OldListsCell.swift */,
				0211EFE6261E5B9C00CAA05C /* OldListsCell.xib */,
			);
			path = AddNewList;
			sourceTree = "<group>";
		};
		02A8F974262517710083FE19 /* RecipieLanding */ = {
			isa = PBXGroup;
			children = (
				02A8F975262517880083FE19 /* RecipePageViewController.swift */,
				02A8F980262519520083FE19 /* RecipeTableCell.swift */,
				02A8F981262519520083FE19 /* RecipeTableCell.xib */,
			);
			path = RecipieLanding;
			sourceTree = "<group>";
		};
		02A8F9972625E8DE0083FE19 /* DetailedRecipe */ = {
			isa = PBXGroup;
			children = (
				02A8F99E2625E9A00083FE19 /* DetailedRecipeController.swift */,
				02A8F9A32625EA3A0083FE19 /* RecipeViewCell.swift */,
				02A8F9A42625EA3A0083FE19 /* RecipeViewCell.xib */,
				02A8F9AA2625EB560083FE19 /* RecipeHeaderView.swift */,
				02A8F9AF2625EBA80083FE19 /* RecipeHeaderView.xib */,
			);
			path = DetailedRecipe;
			sourceTree = "<group>";
		};
		2E492D4B2624B4A9001BC07B /* Requests */ = {
			isa = PBXGroup;
			children = (
				2EEF495926275D910001B10E /* AddNewList */,
				2EEF495A26275D970001B10E /* DetailedList */,
				2EEF495426275D4D0001B10E /* DetailedRecipe */,
				2EEF495526275D590001B10E /* RecipeLanding */,
				2EEF495C26275DA10001B10E /* LandingPage */,
				2EEF495B26275D9D0001B10E /* Login */,
			);
			path = Requests;
			sourceTree = "<group>";
		};
		2E492D4C2624B4B0001BC07B /* Responses */ = {
			isa = PBXGroup;
			children = (
				2E3475FC2613E91D00BA27D9 /* AddListResponse.swift */,
				0211EF7B260E924A00CAA05C /* AllListResponse.swift */,
				2E3476062615004900BA27D9 /* BooleanResponse.swift */,
				0211EF6E260E7C7500CAA05C /* ListResponse.swift */,
				2E9ABE85260AAEF60047DED3 /* LoginResponse.swift */,
				2E9ABEC4260BF8990047DED3 /* NewUserResponse.swift */,
				02A8F98F26251D7D0083FE19 /* AllRecipeResponse.swift */,
				02A8F9B92625ECC30083FE19 /* RecipeResponse.swift */,
			);
			path = Responses;
			sourceTree = "<group>";
		};
		2E87AFAD25FFF4B800D3A575 = {
			isa = PBXGroup;
			children = (
				2E87AFB825FFF4B800D3A575 /* GroceryGuru */,
				2E87AFCF25FFF4B900D3A575 /* GroceryGuruTests */,
				2E87AFDA25FFF4B900D3A575 /* GroceryGuruUITests */,
				2E87AFB725FFF4B800D3A575 /* Products */,
			);
			sourceTree = "<group>";
		};
		2E87AFB725FFF4B800D3A575 /* Products */ = {
			isa = PBXGroup;
			children = (
				2E87AFB625FFF4B800D3A575 /* GroceryGuru.app */,
				2E87AFCC25FFF4B900D3A575 /* GroceryGuruTests.xctest */,
				2E87AFD725FFF4B900D3A575 /* GroceryGuruUITests.xctest */,
			);
			name = Products;
			sourceTree = "<group>";
		};
		2E87AFB825FFF4B800D3A575 /* GroceryGuru */ = {
			isa = PBXGroup;
			children = (
				2E9ABEC3260BF84B0047DED3 /* API */,
				2E9ABE5E260A91180047DED3 /* Fonts */,
				2E87AFEC25FFF56600D3A575 /* ViewControllers */,
				2E87AFBF25FFF4B800D3A575 /* Main.storyboard */,
				2E87AFC225FFF4B900D3A575 /* Assets.xcassets */,
				2E87AFB925FFF4B800D3A575 /* AppDelegate.swift */,
				2E87AFBB25FFF4B800D3A575 /* SceneDelegate.swift */,
				2E87AFC425FFF4B900D3A575 /* LaunchScreen.storyboard */,
				2E87AFC725FFF4B900D3A575 /* Info.plist */,
			);
			path = GroceryGuru;
			sourceTree = "<group>";
		};
		2E87AFCF25FFF4B900D3A575 /* GroceryGuruTests */ = {
			isa = PBXGroup;
			children = (
				2E87AFD025FFF4B900D3A575 /* GroceryGuruTests.swift */,
				2E87AFD225FFF4B900D3A575 /* Info.plist */,
			);
			path = GroceryGuruTests;
			sourceTree = "<group>";
		};
		2E87AFDA25FFF4B900D3A575 /* GroceryGuruUITests */ = {
			isa = PBXGroup;
			children = (
				2E87AFDB25FFF4B900D3A575 /* GroceryGuruUITests.swift */,
				2E87AFDD25FFF4B900D3A575 /* Info.plist */,
			);
			path = GroceryGuruUITests;
			sourceTree = "<group>";
		};
		2E87AFEC25FFF56600D3A575 /* ViewControllers */ = {
			isa = PBXGroup;
			children = (
				0211EFE1261E594900CAA05C /* AddNewList */,
				0211EF862612580600CAA05C /* DetailedList */,
				02A8F9972625E8DE0083FE19 /* DetailedRecipe */,
				02A8F974262517710083FE19 /* RecipieLanding */,
				0211EFBB2612864800CAA05C /* LandingPage */,
				2E9ABEBC260BCFBA0047DED3 /* Login */,
			);
			path = ViewControllers;
			sourceTree = "<group>";
		};
		2E9ABE44260A91040047DED3 /* Open_Sans */ = {
			isa = PBXGroup;
			children = (
				2E9ABE45260A91040047DED3 /* OpenSans-SemiBold.ttf */,
				2E9ABE46260A91040047DED3 /* OpenSans-Light.ttf */,
				2E9ABE47260A91040047DED3 /* OpenSans-Italic.ttf */,
				2E9ABE48260A91040047DED3 /* OpenSans-ExtraBold.ttf */,
				2E9ABE49260A91040047DED3 /* OpenSans-LightItalic.ttf */,
				2E9ABE4A260A91040047DED3 /* OpenSans-Bold.ttf */,
				2E9ABE4B260A91040047DED3 /* OpenSans-SemiBoldItalic.ttf */,
				2E9ABE4C260A91040047DED3 /* OpenSans-ExtraBoldItalic.ttf */,
				2E9ABE4D260A91040047DED3 /* LICENSE.txt */,
				2E9ABE4E260A91040047DED3 /* OpenSans-Regular.ttf */,
				2E9ABE4F260A91040047DED3 /* OpenSans-BoldItalic.ttf */,
			);
			path = Open_Sans;
			sourceTree = "<group>";
		};
		2E9ABE5E260A91180047DED3 /* Fonts */ = {
			isa = PBXGroup;
			children = (
				2E9ABE5F260A91390047DED3 /* Roboto */,
				2E9ABE44260A91040047DED3 /* Open_Sans */,
			);
			path = Fonts;
			sourceTree = "<group>";
		};
		2E9ABE5F260A91390047DED3 /* Roboto */ = {
			isa = PBXGroup;
			children = (
				2E9ABE60260A91390047DED3 /* Roboto-Medium.ttf */,
				2E9ABE61260A91390047DED3 /* Roboto-Light.ttf */,
				2E9ABE62260A91390047DED3 /* Roboto-Regular.ttf */,
				2E9ABE63260A91390047DED3 /* Roboto-MediumItalic.ttf */,
				2E9ABE64260A91390047DED3 /* Roboto-ThinItalic.ttf */,
				2E9ABE65260A91390047DED3 /* Roboto-BoldItalic.ttf */,
				2E9ABE66260A91390047DED3 /* Roboto-LightItalic.ttf */,
				2E9ABE67260A91390047DED3 /* Roboto-Italic.ttf */,
				2E9ABE69260A91390047DED3 /* Roboto-BlackItalic.ttf */,
				2E9ABE6A260A91390047DED3 /* Roboto-Bold.ttf */,
				2E9ABE6B260A91390047DED3 /* Roboto-Thin.ttf */,
				2E9ABE6C260A91390047DED3 /* Roboto-Black.ttf */,
			);
			path = Roboto;
			sourceTree = "<group>";
		};
		2E9ABEBC260BCFBA0047DED3 /* Login */ = {
			isa = PBXGroup;
			children = (
				2E9ABE80260AAAFF0047DED3 /* Designable.swift */,
				2E9ABEA7260BCEFC0047DED3 /* ResetPasswordViewController.swift */,
				2E9ABE95260BC09F0047DED3 /* SignUpViewController.swift */,
				2E9ABE9A260BCEDA0047DED3 /* LoginViewController.swift */,
			);
			path = Login;
			sourceTree = "<group>";
		};
		2E9ABEC3260BF84B0047DED3 /* API */ = {
			isa = PBXGroup;
			children = (
				2E492D4C2624B4B0001BC07B /* Responses */,
				2E492D4B2624B4A9001BC07B /* Requests */,
			);
			path = API;
			sourceTree = "<group>";
		};
		2EEF495426275D4D0001B10E /* DetailedRecipe */ = {
			isa = PBXGroup;
			children = (
				2EEF494A262752180001B10E /* AddRecipeItemRequest.swift */,
				2EEF49452627488E0001B10E /* AddRecipeStoreRequest.swift */,
				2EEF494F262752DF0001B10E /* DeleteRecipeStoreRequest.swift */,
				02A8F9B42625EC6F0083FE19 /* RecipeRequest.swift */,
			);
			path = DetailedRecipe;
			sourceTree = "<group>";
		};
		2EEF495526275D590001B10E /* RecipeLanding */ = {
			isa = PBXGroup;
			children = (
				2E213DF8262678F000E8B23C /* AddRecipeRequest.swift */,
				2E213E0026267CCE00E8B23C /* DeleteRecipeRequest.swift */,
				2E213E052626810500E8B23C /* UpdateRecipeTitle.swift */,
				02A8F98A26251B830083FE19 /* AllRecipeRequest.swift */,
			);
			path = RecipeLanding;
			sourceTree = "<group>";
		};
		2EEF495926275D910001B10E /* AddNewList */ = {
			isa = PBXGroup;
			children = (
				2E3475F72613E7E500BA27D9 /* AddListRequest.swift */,
				0211EFEF261EA5E200CAA05C /* CreateFromOldListRequest.swift */,
			);
			path = AddNewList;
			sourceTree = "<group>";
		};
		2EEF495A26275D970001B10E /* DetailedList */ = {
			isa = PBXGroup;
			children = (
				0211EFF4262377A900CAA05C /* AddItemRequest.swift */,
				2E9C65A2261D254900107A9B /* AddStoreRequest.swift */,
				2E9C6595261CCA1000107A9B /* DeleteItemRequest.swift */,
				0211EFF92623885300CAA05C /* DeleteStoreRequest.swift */,
				0211EF69260E7C3800CAA05C /* ListRequest.swift */,
				2E9C659D261CEBCE00107A9B /* UpdateItemDescriptionRequest.swift */,
				2E492D3E2623BB67001BC07B /* UpdateItemQuantityRequest.swift */,
				2E492D392623A775001BC07B /* UpdateStoreNameRequest.swift */,
				2E492D4326248E9F001BC07B /* UpdatePurchasedRequest.swift */,
			);
			path = DetailedList;
			sourceTree = "<group>";
		};
		2EEF495B26275D9D0001B10E /* Login */ = {
			isa = PBXGroup;
			children = (
				2E9ABE8A260AAF560047DED3 /* LoginRequest.swift */,
				2E9ABECC260BF8CC0047DED3 /* NewUserRequest.swift */,
				2E9ABED1260C03CD0047DED3 /* ResetPasswordRequest.swift */,
			);
			path = Login;
			sourceTree = "<group>";
		};
		2EEF495C26275DA10001B10E /* LandingPage */ = {
			isa = PBXGroup;
			children = (
				0211EF80260E92B000CAA05C /* AllListRequest.swift */,
				2E3476012615001500BA27D9 /* DeleteListRequest.swift */,
				2E34760B26152F6200BA27D9 /* UpdateListRequest.swift */,
			);
			path = LandingPage;
			sourceTree = "<group>";
		};
/* End PBXGroup section */

/* Begin PBXNativeTarget section */
		2E87AFB525FFF4B800D3A575 /* GroceryGuru */ = {
			isa = PBXNativeTarget;
			buildConfigurationList = 2E87AFE025FFF4B900D3A575 /* Build configuration list for PBXNativeTarget "GroceryGuru" */;
			buildPhases = (
				2E87AFB225FFF4B800D3A575 /* Sources */,
				2E87AFB325FFF4B800D3A575 /* Frameworks */,
				2E87AFB425FFF4B800D3A575 /* Resources */,
			);
			buildRules = (
			);
			dependencies = (
			);
			name = GroceryGuru;
			productName = GroceryGuru;
			productReference = 2E87AFB625FFF4B800D3A575 /* GroceryGuru.app */;
			productType = "com.apple.product-type.application";
		};
		2E87AFCB25FFF4B900D3A575 /* GroceryGuruTests */ = {
			isa = PBXNativeTarget;
			buildConfigurationList = 2E87AFE325FFF4B900D3A575 /* Build configuration list for PBXNativeTarget "GroceryGuruTests" */;
			buildPhases = (
				2E87AFC825FFF4B900D3A575 /* Sources */,
				2E87AFC925FFF4B900D3A575 /* Frameworks */,
				2E87AFCA25FFF4B900D3A575 /* Resources */,
			);
			buildRules = (
			);
			dependencies = (
				2E87AFCE25FFF4B900D3A575 /* PBXTargetDependency */,
			);
			name = GroceryGuruTests;
			productName = GroceryGuruTests;
			productReference = 2E87AFCC25FFF4B900D3A575 /* GroceryGuruTests.xctest */;
			productType = "com.apple.product-type.bundle.unit-test";
		};
		2E87AFD625FFF4B900D3A575 /* GroceryGuruUITests */ = {
			isa = PBXNativeTarget;
			buildConfigurationList = 2E87AFE625FFF4B900D3A575 /* Build configuration list for PBXNativeTarget "GroceryGuruUITests" */;
			buildPhases = (
				2E87AFD325FFF4B900D3A575 /* Sources */,
				2E87AFD425FFF4B900D3A575 /* Frameworks */,
				2E87AFD525FFF4B900D3A575 /* Resources */,
			);
			buildRules = (
			);
			dependencies = (
				2E87AFD925FFF4B900D3A575 /* PBXTargetDependency */,
			);
			name = GroceryGuruUITests;
			productName = GroceryGuruUITests;
			productReference = 2E87AFD725FFF4B900D3A575 /* GroceryGuruUITests.xctest */;
			productType = "com.apple.product-type.bundle.ui-testing";
		};
/* End PBXNativeTarget section */

/* Begin PBXProject section */
		2E87AFAE25FFF4B800D3A575 /* Project object */ = {
			isa = PBXProject;
			attributes = {
				LastSwiftUpdateCheck = 1240;
				LastUpgradeCheck = 1240;
				TargetAttributes = {
					2E87AFB525FFF4B800D3A575 = {
						CreatedOnToolsVersion = 12.4;
					};
					2E87AFCB25FFF4B900D3A575 = {
						CreatedOnToolsVersion = 12.4;
						TestTargetID = 2E87AFB525FFF4B800D3A575;
					};
					2E87AFD625FFF4B900D3A575 = {
						CreatedOnToolsVersion = 12.4;
						TestTargetID = 2E87AFB525FFF4B800D3A575;
					};
				};
			};
			buildConfigurationList = 2E87AFB125FFF4B800D3A575 /* Build configuration list for PBXProject "GroceryGuru" */;
			compatibilityVersion = "Xcode 9.3";
			developmentRegion = en;
			hasScannedForEncodings = 0;
			knownRegions = (
				en,
				Base,
			);
			mainGroup = 2E87AFAD25FFF4B800D3A575;
			productRefGroup = 2E87AFB725FFF4B800D3A575 /* Products */;
			projectDirPath = "";
			projectRoot = "";
			targets = (
				2E87AFB525FFF4B800D3A575 /* GroceryGuru */,
				2E87AFCB25FFF4B900D3A575 /* GroceryGuruTests */,
				2E87AFD625FFF4B900D3A575 /* GroceryGuruUITests */,
			);
		};
/* End PBXProject section */

/* Begin PBXResourcesBuildPhase section */
		2E87AFB425FFF4B800D3A575 /* Resources */ = {
			isa = PBXResourcesBuildPhase;
			buildActionMask = 2147483647;
			files = (
				2E9ABE58260A91040047DED3 /* LICENSE.txt in Resources */,
				2E9ABE50260A91040047DED3 /* OpenSans-SemiBold.ttf in Resources */,
				2E9ABE73260A91390047DED3 /* Roboto-LightItalic.ttf in Resources */,
				2E87AFC625FFF4B900D3A575 /* LaunchScreen.storyboard in Resources */,
				2E9ABE53260A91040047DED3 /* OpenSans-ExtraBold.ttf in Resources */,
				2E9ABE79260A91390047DED3 /* Roboto-Black.ttf in Resources */,
				02A8F983262519520083FE19 /* RecipeTableCell.xib in Resources */,
				2E87AFC325FFF4B900D3A575 /* Assets.xcassets in Resources */,
				0211EFB42612820500CAA05C /* ListHeaderView.xib in Resources */,
				0211EFC22612878D00CAA05C /* LandingListCell.xib in Resources */,
				2E9ABE6D260A91390047DED3 /* Roboto-Medium.ttf in Resources */,
				2E9ABE76260A91390047DED3 /* Roboto-BlackItalic.ttf in Resources */,
				2E9ABE6E260A91390047DED3 /* Roboto-Light.ttf in Resources */,
				2E9ABE56260A91040047DED3 /* OpenSans-SemiBoldItalic.ttf in Resources */,
				2E9ABE74260A91390047DED3 /* Roboto-Italic.ttf in Resources */,
				2E9ABE52260A91040047DED3 /* OpenSans-Italic.ttf in Resources */,
				2E9ABE55260A91040047DED3 /* OpenSans-Bold.ttf in Resources */,
				0211EF9726125C2300CAA05C /* ListViewCell.xib in Resources */,
				2E9ABE51260A91040047DED3 /* OpenSans-Light.ttf in Resources */,
				2E9ABE54260A91040047DED3 /* OpenSans-LightItalic.ttf in Resources */,
				2E9ABE5A260A91040047DED3 /* OpenSans-BoldItalic.ttf in Resources */,
				02A8F9B02625EBA80083FE19 /* RecipeHeaderView.xib in Resources */,
				2E9ABE57260A91040047DED3 /* OpenSans-ExtraBoldItalic.ttf in Resources */,
				02A8F9A62625EA3A0083FE19 /* RecipeViewCell.xib in Resources */,
				2E9ABE77260A91390047DED3 /* Roboto-Bold.ttf in Resources */,
				2E9ABE6F260A91390047DED3 /* Roboto-Regular.ttf in Resources */,
				2E9ABE59260A91040047DED3 /* OpenSans-Regular.ttf in Resources */,
				2E9ABE71260A91390047DED3 /* Roboto-ThinItalic.ttf in Resources */,
				0211EFE8261E5B9C00CAA05C /* OldListsCell.xib in Resources */,
				2E9ABE70260A91390047DED3 /* Roboto-MediumItalic.ttf in Resources */,
				2E9ABE72260A91390047DED3 /* Roboto-BoldItalic.ttf in Resources */,
				2E9ABE78260A91390047DED3 /* Roboto-Thin.ttf in Resources */,
				2E87AFC125FFF4B800D3A575 /* Main.storyboard in Resources */,
			);
			runOnlyForDeploymentPostprocessing = 0;
		};
		2E87AFCA25FFF4B900D3A575 /* Resources */ = {
			isa = PBXResourcesBuildPhase;
			buildActionMask = 2147483647;
			files = (
			);
			runOnlyForDeploymentPostprocessing = 0;
		};
		2E87AFD525FFF4B900D3A575 /* Resources */ = {
			isa = PBXResourcesBuildPhase;
			buildActionMask = 2147483647;
			files = (
			);
			runOnlyForDeploymentPostprocessing = 0;
		};
/* End PBXResourcesBuildPhase section */

/* Begin PBXSourcesBuildPhase section */
		2E87AFB225FFF4B800D3A575 /* Sources */ = {
			isa = PBXSourcesBuildPhase;
			buildActionMask = 2147483647;
			files = (
				0211EF6F260E7C7600CAA05C /* ListResponse.swift in Sources */,
				2E3476072615004900BA27D9 /* BooleanResponse.swift in Sources */,
				2E9C659E261CEBCE00107A9B /* UpdateItemDescriptionRequest.swift in Sources */,
				0211EFC12612878D00CAA05C /* LandingListCell.swift in Sources */,
				2E9ABE8B260AAF560047DED3 /* LoginRequest.swift in Sources */,
				2E9ABEC5260BF8990047DED3 /* NewUserResponse.swift in Sources */,
				02A8F9AB2625EB560083FE19 /* RecipeHeaderView.swift in Sources */,
				2E213DF9262678F000E8B23C /* AddRecipeRequest.swift in Sources */,
				0211EF6A260E7C3800CAA05C /* ListRequest.swift in Sources */,
				2E9ABE81260AAAFF0047DED3 /* Designable.swift in Sources */,
				2EEF49462627488E0001B10E /* AddRecipeStoreRequest.swift in Sources */,
				2E9ABEA8260BCEFC0047DED3 /* ResetPasswordViewController.swift in Sources */,
				2E87AFBE25FFF4B800D3A575 /* LandingPageViewController.swift in Sources */,
				02A8F99026251D7D0083FE19 /* AllRecipeResponse.swift in Sources */,
				0211EF9C2612759F00CAA05C /* ListHeaderView.swift in Sources */,
				2E9ABE96260BC09F0047DED3 /* SignUpViewController.swift in Sources */,
				2E213E062626810500E8B23C /* UpdateRecipeTitle.swift in Sources */,
				0211EF81260E92B000CAA05C /* AllListRequest.swift in Sources */,
				2E87AFBA25FFF4B800D3A575 /* AppDelegate.swift in Sources */,
				2EEF4950262752DF0001B10E /* DeleteRecipeStoreRequest.swift in Sources */,
				2E34760C26152F6200BA27D9 /* UpdateListRequest.swift in Sources */,
				2E9C6596261CCA1000107A9B /* DeleteItemRequest.swift in Sources */,
				2E87AFEF25FFF59200D3A575 /* AddListViewController.swift in Sources */,
				2E87AFBC25FFF4B800D3A575 /* SceneDelegate.swift in Sources */,
				0211EF9626125C2300CAA05C /* ListViewCell.swift in Sources */,
				0211EFF0261EA5E200CAA05C /* CreateFromOldListRequest.swift in Sources */,
				0211EFFA2623885300CAA05C /* DeleteStoreRequest.swift in Sources */,
				2E9C65A3261D254900107A9B /* AddStoreRequest.swift in Sources */,
				2E492D3F2623BB67001BC07B /* UpdateItemQuantityRequest.swift in Sources */,
				2E9ABE86260AAEF60047DED3 /* LoginResponse.swift in Sources */,
				2E492D4426248E9F001BC07B /* UpdatePurchasedRequest.swift in Sources */,
				2E213E0126267CCE00E8B23C /* DeleteRecipeRequest.swift in Sources */,
				02A8F9B52625EC6F0083FE19 /* RecipeRequest.swift in Sources */,
				2E3476022615001500BA27D9 /* DeleteListRequest.swift in Sources */,
				2E9ABE9B260BCEDA0047DED3 /* LoginViewController.swift in Sources */,
				0211EF7C260E924A00CAA05C /* AllListResponse.swift in Sources */,
				2E9ABECD260BF8CC0047DED3 /* NewUserRequest.swift in Sources */,
				02A8F99F2625E9A00083FE19 /* DetailedRecipeController.swift in Sources */,
				0211EFF5262377AA00CAA05C /* AddItemRequest.swift in Sources */,
				0211EFE7261E5B9C00CAA05C /* OldListsCell.swift in Sources */,
				02A8F98B26251B830083FE19 /* AllRecipeRequest.swift in Sources */,
				02A8F9A52625EA3A0083FE19 /* RecipeViewCell.swift in Sources */,
				02A8F982262519520083FE19 /* RecipeTableCell.swift in Sources */,
				2E3475F82613E7E500BA27D9 /* AddListRequest.swift in Sources */,
				02A8F976262517880083FE19 /* RecipePageViewController.swift in Sources */,
				0211EF65260E77A100CAA05C /* DetailedListController.swift in Sources */,
				2E9ABED2260C03CD0047DED3 /* ResetPasswordRequest.swift in Sources */,
				2E492D3A2623A775001BC07B /* UpdateStoreNameRequest.swift in Sources */,
				2E3475FD2613E91D00BA27D9 /* AddListResponse.swift in Sources */,
				2EEF494B262752180001B10E /* AddRecipeItemRequest.swift in Sources */,
				02A8F9BA2625ECC30083FE19 /* RecipeResponse.swift in Sources */,
			);
			runOnlyForDeploymentPostprocessing = 0;
		};
		2E87AFC825FFF4B900D3A575 /* Sources */ = {
			isa = PBXSourcesBuildPhase;
			buildActionMask = 2147483647;
			files = (
				2E87AFD125FFF4B900D3A575 /* GroceryGuruTests.swift in Sources */,
			);
			runOnlyForDeploymentPostprocessing = 0;
		};
		2E87AFD325FFF4B900D3A575 /* Sources */ = {
			isa = PBXSourcesBuildPhase;
			buildActionMask = 2147483647;
			files = (
				2E87AFDC25FFF4B900D3A575 /* GroceryGuruUITests.swift in Sources */,
			);
			runOnlyForDeploymentPostprocessing = 0;
		};
/* End PBXSourcesBuildPhase section */

/* Begin PBXTargetDependency section */
		2E87AFCE25FFF4B900D3A575 /* PBXTargetDependency */ = {
			isa = PBXTargetDependency;
			target = 2E87AFB525FFF4B800D3A575 /* GroceryGuru */;
			targetProxy = 2E87AFCD25FFF4B900D3A575 /* PBXContainerItemProxy */;
		};
		2E87AFD925FFF4B900D3A575 /* PBXTargetDependency */ = {
			isa = PBXTargetDependency;
			target = 2E87AFB525FFF4B800D3A575 /* GroceryGuru */;
			targetProxy = 2E87AFD825FFF4B900D3A575 /* PBXContainerItemProxy */;
		};
/* End PBXTargetDependency section */

/* Begin PBXVariantGroup section */
		2E87AFBF25FFF4B800D3A575 /* Main.storyboard */ = {
			isa = PBXVariantGroup;
			children = (
				2E87AFC025FFF4B800D3A575 /* Base */,
			);
			name = Main.storyboard;
			sourceTree = "<group>";
		};
		2E87AFC425FFF4B900D3A575 /* LaunchScreen.storyboard */ = {
			isa = PBXVariantGroup;
			children = (
				2E87AFC525FFF4B900D3A575 /* Base */,
			);
			name = LaunchScreen.storyboard;
			sourceTree = "<group>";
		};
/* End PBXVariantGroup section */

/* Begin XCBuildConfiguration section */
		2E87AFDE25FFF4B900D3A575 /* Debug */ = {
			isa = XCBuildConfiguration;
			buildSettings = {
				ALWAYS_SEARCH_USER_PATHS = NO;
				CLANG_ANALYZER_NONNULL = YES;
				CLANG_ANALYZER_NUMBER_OBJECT_CONVERSION = YES_AGGRESSIVE;
				CLANG_CXX_LANGUAGE_STANDARD = "gnu++14";
				CLANG_CXX_LIBRARY = "libc++";
				CLANG_ENABLE_MODULES = YES;
				CLANG_ENABLE_OBJC_ARC = YES;
				CLANG_ENABLE_OBJC_WEAK = YES;
				CLANG_WARN_BLOCK_CAPTURE_AUTORELEASING = YES;
				CLANG_WARN_BOOL_CONVERSION = YES;
				CLANG_WARN_COMMA = YES;
				CLANG_WARN_CONSTANT_CONVERSION = YES;
				CLANG_WARN_DEPRECATED_OBJC_IMPLEMENTATIONS = YES;
				CLANG_WARN_DIRECT_OBJC_ISA_USAGE = YES_ERROR;
				CLANG_WARN_DOCUMENTATION_COMMENTS = YES;
				CLANG_WARN_EMPTY_BODY = YES;
				CLANG_WARN_ENUM_CONVERSION = YES;
				CLANG_WARN_INFINITE_RECURSION = YES;
				CLANG_WARN_INT_CONVERSION = YES;
				CLANG_WARN_NON_LITERAL_NULL_CONVERSION = YES;
				CLANG_WARN_OBJC_IMPLICIT_RETAIN_SELF = YES;
				CLANG_WARN_OBJC_LITERAL_CONVERSION = YES;
				CLANG_WARN_OBJC_ROOT_CLASS = YES_ERROR;
				CLANG_WARN_QUOTED_INCLUDE_IN_FRAMEWORK_HEADER = YES;
				CLANG_WARN_RANGE_LOOP_ANALYSIS = YES;
				CLANG_WARN_STRICT_PROTOTYPES = YES;
				CLANG_WARN_SUSPICIOUS_MOVE = YES;
				CLANG_WARN_UNGUARDED_AVAILABILITY = YES_AGGRESSIVE;
				CLANG_WARN_UNREACHABLE_CODE = YES;
				CLANG_WARN__DUPLICATE_METHOD_MATCH = YES;
				COPY_PHASE_STRIP = NO;
				DEBUG_INFORMATION_FORMAT = dwarf;
				ENABLE_STRICT_OBJC_MSGSEND = YES;
				ENABLE_TESTABILITY = YES;
				GCC_C_LANGUAGE_STANDARD = gnu11;
				GCC_DYNAMIC_NO_PIC = NO;
				GCC_NO_COMMON_BLOCKS = YES;
				GCC_OPTIMIZATION_LEVEL = 0;
				GCC_PREPROCESSOR_DEFINITIONS = (
					"DEBUG=1",
					"$(inherited)",
				);
				GCC_WARN_64_TO_32_BIT_CONVERSION = YES;
				GCC_WARN_ABOUT_RETURN_TYPE = YES_ERROR;
				GCC_WARN_UNDECLARED_SELECTOR = YES;
				GCC_WARN_UNINITIALIZED_AUTOS = YES_AGGRESSIVE;
				GCC_WARN_UNUSED_FUNCTION = YES;
				GCC_WARN_UNUSED_VARIABLE = YES;
				IPHONEOS_DEPLOYMENT_TARGET = 14.4;
				MTL_ENABLE_DEBUG_INFO = INCLUDE_SOURCE;
				MTL_FAST_MATH = YES;
				ONLY_ACTIVE_ARCH = YES;
				SDKROOT = iphoneos;
				SWIFT_ACTIVE_COMPILATION_CONDITIONS = DEBUG;
				SWIFT_OPTIMIZATION_LEVEL = "-Onone";
			};
			name = Debug;
		};
		2E87AFDF25FFF4B900D3A575 /* Release */ = {
			isa = XCBuildConfiguration;
			buildSettings = {
				ALWAYS_SEARCH_USER_PATHS = NO;
				CLANG_ANALYZER_NONNULL = YES;
				CLANG_ANALYZER_NUMBER_OBJECT_CONVERSION = YES_AGGRESSIVE;
				CLANG_CXX_LANGUAGE_STANDARD = "gnu++14";
				CLANG_CXX_LIBRARY = "libc++";
				CLANG_ENABLE_MODULES = YES;
				CLANG_ENABLE_OBJC_ARC = YES;
				CLANG_ENABLE_OBJC_WEAK = YES;
				CLANG_WARN_BLOCK_CAPTURE_AUTORELEASING = YES;
				CLANG_WARN_BOOL_CONVERSION = YES;
				CLANG_WARN_COMMA = YES;
				CLANG_WARN_CONSTANT_CONVERSION = YES;
				CLANG_WARN_DEPRECATED_OBJC_IMPLEMENTATIONS = YES;
				CLANG_WARN_DIRECT_OBJC_ISA_USAGE = YES_ERROR;
				CLANG_WARN_DOCUMENTATION_COMMENTS = YES;
				CLANG_WARN_EMPTY_BODY = YES;
				CLANG_WARN_ENUM_CONVERSION = YES;
				CLANG_WARN_INFINITE_RECURSION = YES;
				CLANG_WARN_INT_CONVERSION = YES;
				CLANG_WARN_NON_LITERAL_NULL_CONVERSION = YES;
				CLANG_WARN_OBJC_IMPLICIT_RETAIN_SELF = YES;
				CLANG_WARN_OBJC_LITERAL_CONVERSION = YES;
				CLANG_WARN_OBJC_ROOT_CLASS = YES_ERROR;
				CLANG_WARN_QUOTED_INCLUDE_IN_FRAMEWORK_HEADER = YES;
				CLANG_WARN_RANGE_LOOP_ANALYSIS = YES;
				CLANG_WARN_STRICT_PROTOTYPES = YES;
				CLANG_WARN_SUSPICIOUS_MOVE = YES;
				CLANG_WARN_UNGUARDED_AVAILABILITY = YES_AGGRESSIVE;
				CLANG_WARN_UNREACHABLE_CODE = YES;
				CLANG_WARN__DUPLICATE_METHOD_MATCH = YES;
				COPY_PHASE_STRIP = NO;
				DEBUG_INFORMATION_FORMAT = "dwarf-with-dsym";
				ENABLE_NS_ASSERTIONS = NO;
				ENABLE_STRICT_OBJC_MSGSEND = YES;
				GCC_C_LANGUAGE_STANDARD = gnu11;
				GCC_NO_COMMON_BLOCKS = YES;
				GCC_WARN_64_TO_32_BIT_CONVERSION = YES;
				GCC_WARN_ABOUT_RETURN_TYPE = YES_ERROR;
				GCC_WARN_UNDECLARED_SELECTOR = YES;
				GCC_WARN_UNINITIALIZED_AUTOS = YES_AGGRESSIVE;
				GCC_WARN_UNUSED_FUNCTION = YES;
				GCC_WARN_UNUSED_VARIABLE = YES;
				IPHONEOS_DEPLOYMENT_TARGET = 14.4;
				MTL_ENABLE_DEBUG_INFO = NO;
				MTL_FAST_MATH = YES;
				SDKROOT = iphoneos;
				SWIFT_COMPILATION_MODE = wholemodule;
				SWIFT_OPTIMIZATION_LEVEL = "-O";
				VALIDATE_PRODUCT = YES;
			};
			name = Release;
		};
		2E87AFE125FFF4B900D3A575 /* Debug */ = {
			isa = XCBuildConfiguration;
			buildSettings = {
				ASSETCATALOG_COMPILER_APPICON_NAME = AppIcon;
				ASSETCATALOG_COMPILER_GLOBAL_ACCENT_COLOR_NAME = AccentColor;
				CODE_SIGN_IDENTITY = "iPhone Developer";
				CODE_SIGN_STYLE = Manual;
				DEVELOPMENT_TEAM = 47J734W9F8;
				INFOPLIST_FILE = GroceryGuru/Info.plist;
				LD_RUNPATH_SEARCH_PATHS = (
					"$(inherited)",
					"@executable_path/Frameworks",
				);
				PRODUCT_BUNDLE_IDENTIFIER = com.Brennen.GroceryGuru;
				PRODUCT_NAME = "$(TARGET_NAME)";
				PROVISIONING_PROFILE_SPECIFIER = GroceryGuru;
				SWIFT_VERSION = 5.0;
				TARGETED_DEVICE_FAMILY = "1,2";
			};
			name = Debug;
		};
		2E87AFE225FFF4B900D3A575 /* Release */ = {
			isa = XCBuildConfiguration;
			buildSettings = {
				ASSETCATALOG_COMPILER_APPICON_NAME = AppIcon;
				ASSETCATALOG_COMPILER_GLOBAL_ACCENT_COLOR_NAME = AccentColor;
				CODE_SIGN_IDENTITY = "iPhone Developer";
				CODE_SIGN_STYLE = Manual;
				DEVELOPMENT_TEAM = 47J734W9F8;
				INFOPLIST_FILE = GroceryGuru/Info.plist;
				LD_RUNPATH_SEARCH_PATHS = (
					"$(inherited)",
					"@executable_path/Frameworks",
				);
				PRODUCT_BUNDLE_IDENTIFIER = com.Brennen.GroceryGuru;
				PRODUCT_NAME = "$(TARGET_NAME)";
				PROVISIONING_PROFILE_SPECIFIER = GroceryGuru;
				SWIFT_VERSION = 5.0;
				TARGETED_DEVICE_FAMILY = "1,2";
			};
			name = Release;
		};
		2E87AFE425FFF4B900D3A575 /* Debug */ = {
			isa = XCBuildConfiguration;
			buildSettings = {
				ALWAYS_EMBED_SWIFT_STANDARD_LIBRARIES = YES;
				BUNDLE_LOADER = "$(TEST_HOST)";
				CODE_SIGN_STYLE = Automatic;
				INFOPLIST_FILE = GroceryGuruTests/Info.plist;
				IPHONEOS_DEPLOYMENT_TARGET = 14.4;
				LD_RUNPATH_SEARCH_PATHS = (
					"$(inherited)",
					"@executable_path/Frameworks",
					"@loader_path/Frameworks",
				);
				PRODUCT_BUNDLE_IDENTIFIER = com.Brennen.GroceryGuruTests;
				PRODUCT_NAME = "$(TARGET_NAME)";
				SWIFT_VERSION = 5.0;
				TARGETED_DEVICE_FAMILY = "1,2";
				TEST_HOST = "$(BUILT_PRODUCTS_DIR)/GroceryGuru.app/GroceryGuru";
			};
			name = Debug;
		};
		2E87AFE525FFF4B900D3A575 /* Release */ = {
			isa = XCBuildConfiguration;
			buildSettings = {
				ALWAYS_EMBED_SWIFT_STANDARD_LIBRARIES = YES;
				BUNDLE_LOADER = "$(TEST_HOST)";
				CODE_SIGN_STYLE = Automatic;
				INFOPLIST_FILE = GroceryGuruTests/Info.plist;
				IPHONEOS_DEPLOYMENT_TARGET = 14.4;
				LD_RUNPATH_SEARCH_PATHS = (
					"$(inherited)",
					"@executable_path/Frameworks",
					"@loader_path/Frameworks",
				);
				PRODUCT_BUNDLE_IDENTIFIER = com.Brennen.GroceryGuruTests;
				PRODUCT_NAME = "$(TARGET_NAME)";
				SWIFT_VERSION = 5.0;
				TARGETED_DEVICE_FAMILY = "1,2";
				TEST_HOST = "$(BUILT_PRODUCTS_DIR)/GroceryGuru.app/GroceryGuru";
			};
			name = Release;
		};
		2E87AFE725FFF4B900D3A575 /* Debug */ = {
			isa = XCBuildConfiguration;
			buildSettings = {
				ALWAYS_EMBED_SWIFT_STANDARD_LIBRARIES = YES;
				CODE_SIGN_STYLE = Automatic;
				INFOPLIST_FILE = GroceryGuruUITests/Info.plist;
				LD_RUNPATH_SEARCH_PATHS = (
					"$(inherited)",
					"@executable_path/Frameworks",
					"@loader_path/Frameworks",
				);
				PRODUCT_BUNDLE_IDENTIFIER = com.Brennen.GroceryGuruUITests;
				PRODUCT_NAME = "$(TARGET_NAME)";
				SWIFT_VERSION = 5.0;
				TARGETED_DEVICE_FAMILY = "1,2";
				TEST_TARGET_NAME = GroceryGuru;
			};
			name = Debug;
		};
		2E87AFE825FFF4B900D3A575 /* Release */ = {
			isa = XCBuildConfiguration;
			buildSettings = {
				ALWAYS_EMBED_SWIFT_STANDARD_LIBRARIES = YES;
				CODE_SIGN_STYLE = Automatic;
				INFOPLIST_FILE = GroceryGuruUITests/Info.plist;
				LD_RUNPATH_SEARCH_PATHS = (
					"$(inherited)",
					"@executable_path/Frameworks",
					"@loader_path/Frameworks",
				);
				PRODUCT_BUNDLE_IDENTIFIER = com.Brennen.GroceryGuruUITests;
				PRODUCT_NAME = "$(TARGET_NAME)";
				SWIFT_VERSION = 5.0;
				TARGETED_DEVICE_FAMILY = "1,2";
				TEST_TARGET_NAME = GroceryGuru;
			};
			name = Release;
		};
/* End XCBuildConfiguration section */

/* Begin XCConfigurationList section */
		2E87AFB125FFF4B800D3A575 /* Build configuration list for PBXProject "GroceryGuru" */ = {
			isa = XCConfigurationList;
			buildConfigurations = (
				2E87AFDE25FFF4B900D3A575 /* Debug */,
				2E87AFDF25FFF4B900D3A575 /* Release */,
			);
			defaultConfigurationIsVisible = 0;
			defaultConfigurationName = Release;
		};
		2E87AFE025FFF4B900D3A575 /* Build configuration list for PBXNativeTarget "GroceryGuru" */ = {
			isa = XCConfigurationList;
			buildConfigurations = (
				2E87AFE125FFF4B900D3A575 /* Debug */,
				2E87AFE225FFF4B900D3A575 /* Release */,
			);
			defaultConfigurationIsVisible = 0;
			defaultConfigurationName = Release;
		};
		2E87AFE325FFF4B900D3A575 /* Build configuration list for PBXNativeTarget "GroceryGuruTests" */ = {
			isa = XCConfigurationList;
			buildConfigurations = (
				2E87AFE425FFF4B900D3A575 /* Debug */,
				2E87AFE525FFF4B900D3A575 /* Release */,
			);
			defaultConfigurationIsVisible = 0;
			defaultConfigurationName = Release;
		};
		2E87AFE625FFF4B900D3A575 /* Build configuration list for PBXNativeTarget "GroceryGuruUITests" */ = {
			isa = XCConfigurationList;
			buildConfigurations = (
				2E87AFE725FFF4B900D3A575 /* Debug */,
				2E87AFE825FFF4B900D3A575 /* Release */,
			);
			defaultConfigurationIsVisible = 0;
			defaultConfigurationName = Release;
		};
/* End XCConfigurationList section */
	};
	rootObject = 2E87AFAE25FFF4B800D3A575 /* Project object */;
}
